
Microsoft Visual Studio Solution File, Format Version 12.00
# Visual Studio Version 17
VisualStudioVersion = 17.6.33829.357
MinimumVisualStudioVersion = 10.0.40219.1
Project("{9A19103F-16F7-4668-BE54-9A1E7A4F7556}") = "1-OlaMundo", "1-OlaMundo\1-OlaMundo.csproj", "{3EB5E2DB-BE9A-4C0B-A114-03A0624B9315}"
EndProject
Project("{9A19103F-16F7-4668-BE54-9A1E7A4F7556}") = "2-CalculandoIdade", "2-CriandoVariaveis\2-CalculandoIdade.csproj", "{E3D3E561-4916-4285-BDCF-CE7678C84860}"
EndProject
Project("{9A19103F-16F7-4668-BE54-9A1E7A4F7556}") = "3-CriandoVariavelPontoFlutuante", "3-CriandoVariavelPontoFlutuante\3-CriandoVariavelPontoFlutuante.csproj", "{D1D6ED10-1FB9-400A-9713-DB13ED9BCE4B}"
EndProject
Project("{9A19103F-16F7-4668-BE54-9A1E7A4F7556}") = "4-ConvertendoOsIrmaos", "4-ConvertendoOsIrmaos\4-ConvertendoOsIrmaos.csproj", "{3D862693-7B5C-4161-B625-727A0B301F0D}"
EndProject
Project("{9A19103F-16F7-4668-BE54-9A1E7A4F7556}") = "5-ManipulacaoDeCaracteres", "5-ManipulacaoDeCaracteres\5-ManipulacaoDeCaracteres.csproj", "{3F21B64E-30FF-4693-B027-69AE36B42713}"
EndProject
Project("{FAE04EC0-301F-11D3-BF4B-00C04F79EFBC}") = "6-Condicional", "7-Condicional\6-Condicional.csproj", "{6D51102F-1E07-4DAF-AFB0-895569AF45E6}"
EndProject
Project("{FAE04EC0-301F-11D3-BF4B-00C04F79EFBC}") = "7-Escopo", "7-Escopo\7-Escopo.csproj", "{A4B1483F-4CA2-48B2-9813-EF3E1A147B0B}"
EndProject
Global
	GlobalSection(SolutionConfigurationPlatforms) = preSolution
		Debug|Any CPU = Debug|Any CPU
		Release|Any CPU = Release|Any CPU
	EndGlobalSection
	GlobalSection(ProjectConfigurationPlatforms) = postSolution
		{3EB5E2DB-BE9A-4C0B-A114-03A0624B9315}.Debug|Any CPU.ActiveCfg = Debug|Any CPU
		{3EB5E2DB-BE9A-4C0B-A114-03A0624B9315}.Debug|Any CPU.Build.0 = Debug|Any CPU
		{3EB5E2DB-BE9A-4C0B-A114-03A0624B9315}.Release|Any CPU.ActiveCfg = Release|Any CPU
		{3EB5E2DB-BE9A-4C0B-A114-03A0624B9315}.Release|Any CPU.Build.0 = Release|Any CPU
		{E3D3E561-4916-4285-BDCF-CE7678C84860}.Debug|Any CPU.ActiveCfg = Debug|Any CPU
		{E3D3E561-4916-4285-BDCF-CE7678C84860}.Debug|Any CPU.Build.0 = Debug|Any CPU
		{E3D3E561-4916-4285-BDCF-CE7678C84860}.Release|Any CPU.ActiveCfg = Release|Any CPU
		{E3D3E561-4916-4285-BDCF-CE7678C84860}.Release|Any CPU.Build.0 = Release|Any CPU
		{D1D6ED10-1FB9-400A-9713-DB13ED9BCE4B}.Debug|Any CPU.ActiveCfg = Debug|Any CPU
		{D1D6ED10-1FB9-400A-9713-DB13ED9BCE4B}.Debug|Any CPU.Build.0 = Debug|Any CPU
		{D1D6ED10-1FB9-400A-9713-DB13ED9BCE4B}.Release|Any CPU.ActiveCfg = Release|Any CPU
		{D1D6ED10-1FB9-400A-9713-DB13ED9BCE4B}.Release|Any CPU.Build.0 = Release|Any CPU
		{3D862693-7B5C-4161-B625-727A0B301F0D}.Debug|Any CPU.ActiveCfg = Debug|Any CPU
		{3D862693-7B5C-4161-B625-727A0B301F0D}.Debug|Any CPU.Build.0 = Debug|Any CPU
		{3D862693-7B5C-4161-B625-727A0B301F0D}.Release|Any CPU.ActiveCfg = Release|Any CPU
		{3D862693-7B5C-4161-B625-727A0B301F0D}.Release|Any CPU.Build.0 = Release|Any CPU
		{3F21B64E-30FF-4693-B027-69AE36B42713}.Debug|Any CPU.ActiveCfg = Debug|Any CPU
		{3F21B64E-30FF-4693-B027-69AE36B42713}.Debug|Any CPU.Build.0 = Debug|Any CPU
		{3F21B64E-30FF-4693-B027-69AE36B42713}.Release|Any CPU.ActiveCfg = Release|Any CPU
		{3F21B64E-30FF-4693-B027-69AE36B42713}.Release|Any CPU.Build.0 = Release|Any CPU
		{6D51102F-1E07-4DAF-AFB0-895569AF45E6}.Debug|Any CPU.ActiveCfg = Debug|Any CPU
		{6D51102F-1E07-4DAF-AFB0-895569AF45E6}.Debug|Any CPU.Build.0 = Debug|Any CPU
		{6D51102F-1E07-4DAF-AFB0-895569AF45E6}.Release|Any CPU.ActiveCfg = Release|Any CPU
		{6D51102F-1E07-4DAF-AFB0-895569AF45E6}.Release|Any CPU.Build.0 = Release|Any CPU
		{A4B1483F-4CA2-48B2-9813-EF3E1A147B0B}.Debug|Any CPU.ActiveCfg = Debug|Any CPU
		{A4B1483F-4CA2-48B2-9813-EF3E1A147B0B}.Debug|Any CPU.Build.0 = Debug|Any CPU
		{A4B1483F-4CA2-48B2-9813-EF3E1A147B0B}.Release|Any CPU.ActiveCfg = Release|Any CPU
		{A4B1483F-4CA2-48B2-9813-EF3E1A147B0B}.Release|Any CPU.Build.0 = Release|Any CPU
	EndGlobalSection
	GlobalSection(SolutionProperties) = preSolution
		HideSolutionNode = FALSE
	EndGlobalSection
	GlobalSection(ExtensibilityGlobals) = postSolution
		SolutionGuid = {0E475FAC-BA33-4932-93AD-827C258E37D5}
	EndGlobalSection
EndGlobal
