
Microsoft Visual Studio Solution File, Format Version 12.00
# Visual Studio Version 17
VisualStudioVersion = 17.6.33829.357
MinimumVisualStudioVersion = 10.0.40219.1
Project("{9A19103F-16F7-4668-BE54-9A1E7A4F7556}") = "ScreenSound", "ProjetoOritentaObjeto\ScreenSound.csproj", "{CE323D64-9828-4C55-B062-40342678C511}"
EndProject
Project("{FAE04EC0-301F-11D3-BF4B-00C04F79EFBC}") = "Podcast", "Podcast\Podcast.csproj", "{E5F8BA28-C281-4F79-90CA-77075AAD8923}"
EndProject
Global
	GlobalSection(SolutionConfigurationPlatforms) = preSolution
		Debug|Any CPU = Debug|Any CPU
		Release|Any CPU = Release|Any CPU
	EndGlobalSection
	GlobalSection(ProjectConfigurationPlatforms) = postSolution
		{CE323D64-9828-4C55-B062-40342678C511}.Debug|Any CPU.ActiveCfg = Debug|Any CPU
		{CE323D64-9828-4C55-B062-40342678C511}.Debug|Any CPU.Build.0 = Debug|Any CPU
		{CE323D64-9828-4C55-B062-40342678C511}.Release|Any CPU.ActiveCfg = Release|Any CPU
		{CE323D64-9828-4C55-B062-40342678C511}.Release|Any CPU.Build.0 = Release|Any CPU
		{E5F8BA28-C281-4F79-90CA-77075AAD8923}.Debug|Any CPU.ActiveCfg = Debug|Any CPU
		{E5F8BA28-C281-4F79-90CA-77075AAD8923}.Debug|Any CPU.Build.0 = Debug|Any CPU
		{E5F8BA28-C281-4F79-90CA-77075AAD8923}.Release|Any CPU.ActiveCfg = Release|Any CPU
		{E5F8BA28-C281-4F79-90CA-77075AAD8923}.Release|Any CPU.Build.0 = Release|Any CPU
	EndGlobalSection
	GlobalSection(SolutionProperties) = preSolution
		HideSolutionNode = FALSE
	EndGlobalSection
	GlobalSection(ExtensibilityGlobals) = postSolution
		SolutionGuid = {20167D62-D671-42B5-B664-BE433B8A1E24}
	EndGlobalSection
EndGlobal
